[[package]]
name = "example_api"
version = "0.1.0"
dependencies = [
 "rubber_duck 0.1.0",
]

[[package]]
name = "example_consumer"
version = "0.1.0"
dependencies = [
 "example_api 0.1.0",
]

[[package]]
name = "proc-macro2"
version = "0.4.18"
source = "registry+https://github.com/rust-lang/crates.io-index"
dependencies = [
 "unicode-xid 0.1.0 (registry+https://github.com/rust-lang/crates.io-index)",
]

[[package]]
name = "quote"
version = "0.6.8"
source = "registry+https://github.com/rust-lang/crates.io-index"
dependencies = [
 "proc-macro2 0.4.18 (registry+https://github.com/rust-lang/crates.io-index)",
]

[[package]]
name = "rubber_duck"
version = "0.1.0"
dependencies = [
 "rubber_duck_macro 0.1.0",
]

[[package]]
name = "rubber_duck_macro"
version = "0.1.0"
dependencies = [
 "proc-macro2 0.4.18 (registry+https://github.com/rust-lang/crates.io-index)",
 "quote 0.6.8 (registry+https://github.com/rust-lang/crates.io-index)",
 "syn 0.15.1 (registry+https://github.com/rust-lang/crates.io-index)",
]

[[package]]
name = "syn"
version = "0.15.1"
source = "registry+https://github.com/rust-lang/crates.io-index"
dependencies = [
 "proc-macro2 0.4.18 (registry+https://github.com/rust-lang/crates.io-index)",
 "quote 0.6.8 (registry+https://github.com/rust-lang/crates.io-index)",
 "unicode-xid 0.1.0 (registry+https://github.com/rust-lang/crates.io-index)",
]

[[package]]
name = "unicode-xid"
version = "0.1.0"
source = "registry+https://github.com/rust-lang/crates.io-index"

[metadata]
"checksum proc-macro2 0.4.18 (registry+https://github.com/rust-lang/crates.io-index)" = "afa4d377067cc02eb5e0b491d3f7cfbe145ad4da778535bfb13c444413dd35b9"
"checksum quote 0.6.8 (registry+https://github.com/rust-lang/crates.io-index)" = "dd636425967c33af890042c483632d33fa7a18f19ad1d7ea72e8998c6ef8dea5"
"checksum syn 0.15.1 (registry+https://github.com/rust-lang/crates.io-index)" = "85fb2f7f9b7a4c8df2c913a852de570efdb40f0d2edd39c8245ad573f5c7fbcc"
"checksum unicode-xid 0.1.0 (registry+https://github.com/rust-lang/crates.io-index)" = "fc72304796d0818e357ead4e000d19c9c174ab23dc11093ac919054d20a6a7fc"
